lockfileVersion: '9.0'

settings:
  autoInstallPeers: true
  excludeLinksFromLockfile: false

importers:

  .:
    dependencies:
      '@tanstack/react-query':
        specifier: ^5.90.5
        version: 5.90.5(react@19.2.0)

packages:

  '@tanstack/query-core@5.90.5':
    resolution: {integrity: sha512-wLamYp7FaDq6ZnNehypKI5fNvxHPfTYylE0m/ZpuuzJfJqhR5Pxg9gvGBHZx4n7J+V5Rg5mZxHHTlv25Zt5u+w==}

  '@tanstack/react-query@5.90.5':
    resolution: {integrity: sha512-pN+8UWpxZkEJ/Rnnj2v2Sxpx1WFlaa9L6a4UO89p6tTQbeo+m0MS8oYDjbggrR8QcTyjKoYWKS3xJQGr3ExT8Q==}
    peerDependencies:
      react: ^18 || ^19

  react@19.2.0:
    resolution: {integrity: sha512-tmbWg6W31tQLeB5cdIBOicJDJRR2KzXsV7uSK9iNfLWQ5bIZfxuPEHp7M8wiHyHnn0DD1i7w3Zmin0FtkrwoCQ==}
    engines: {node: '>=0.10.0'}

snapshots:

  '@tanstack/query-core@5.90.5': {}

  '@tanstack/react-query@5.90.5(react@19.2.0)':
    dependencies:
      '@tanstack/query-core': 5.90.5
      react: 19.2.0

  react@19.2.0: {}
